
Microsoft Visual Studio Solution File, Format Version 12.00
# Visual Studio Version 16
VisualStudioVersion = 16.0.30225.117
MinimumVisualStudioVersion = 10.0.40219.1
Project("{FAE04EC0-301F-11D3-BF4B-00C04F79EFBC}") = "TfxUniFilOpsWebHost", "TfxUniFilOpsWebHost\TfxUniFilOpsWebHost.csproj", "{91170D17-4CCE-4F11-8055-D107AC54D935}"
EndProject
Project("{FAE04EC0-301F-11D3-BF4B-00C04F79EFBC}") = "TfxArchetypes.DomainDrivenDevelopment", "TfxArchetypes.DomainDrivenDevelopment\TfxArchetypes.DomainDrivenDevelopment.csproj", "{5E0E5C21-3C79-4DBA-ADCD-32D8E42B94AB}"
EndProject
Project("{FAE04EC0-301F-11D3-BF4B-00C04F79EFBC}") = "TfxData.EntityFrameworkAdapter", "TfxData.EntityFrameworkAdapter\TfxData.EntityFrameworkAdapter.csproj", "{FE67BC2F-ED04-4D28-83C7-74BAF8C33DF0}"
EndProject
Project("{FAE04EC0-301F-11D3-BF4B-00C04F79EFBC}") = "TfxUniFilOps.CrossCutting", "TfxUniFilOps.CrossCutting\TfxUniFilOps.CrossCutting.csproj", "{AB6D2ECB-3B98-4B35-99EF-2FA493511E76}"
EndProject
Project("{FAE04EC0-301F-11D3-BF4B-00C04F79EFBC}") = "TfxUniFilOps.Domain", "TfxUniFilOps.Domain\TfxUniFilOps.Domain.csproj", "{C76194DD-FD9D-4B6D-9411-4A01FC35D847}"
EndProject
Project("{FAE04EC0-301F-11D3-BF4B-00C04F79EFBC}") = "TfxUniFilOps.Domain.Contracts", "TfxUniFilOps.Domain.Contracts\TfxUniFilOps.Domain.Contracts.csproj", "{D791FA07-1CF4-44B9-AC3B-05DCEC9091FA}"
EndProject
Project("{FAE04EC0-301F-11D3-BF4B-00C04F79EFBC}") = "TfxUniFilOps.Domain.Logic", "TfxUniFilOps.Domain.Logic\TfxUniFilOps.Domain.Logic.csproj", "{875418F2-2451-4478-A678-9EB53849F4C4}"
EndProject
Project("{FAE04EC0-301F-11D3-BF4B-00C04F79EFBC}") = "TfxUniFilOps.Application.Contracts", "TfxUniFilOps.Application.Contracts\TfxUniFilOps.Application.Contracts.csproj", "{58E8A4EB-701E-418C-8D20-EF556B205F7D}"
EndProject
Project("{FAE04EC0-301F-11D3-BF4B-00C04F79EFBC}") = "TfxUniFilOps.Application.Logic", "TfxUniFilOps.Application.Logic\TfxUniFilOps.Application.Logic.csproj", "{6559DF4F-EA93-4C1A-91F4-A1B82B28661C}"
EndProject
Project("{FAE04EC0-301F-11D3-BF4B-00C04F79EFBC}") = "TfxUniFilOps.Data.Contracts", "TfxUniFilOps.Data.Contracts\TfxUniFilOps.Data.Contracts.csproj", "{8646A78A-9256-4094-A751-175E4CFE8C2B}"
EndProject
Project("{FAE04EC0-301F-11D3-BF4B-00C04F79EFBC}") = "TfxUniFilOps.EventHandlers", "TfxUniFilOps.EventHandlers\TfxUniFilOps.EventHandlers.csproj", "{89518B5A-75E8-4BDB-82B6-5E8BF6A4C804}"
EndProject
Project("{FAE04EC0-301F-11D3-BF4B-00C04F79EFBC}") = "TfxUniFilOps.Data.Repositories", "TfxUniFilOps.Data.Repositories\TfxUniFilOps.Data.Repositories.csproj", "{CB810894-18C3-4546-9FA1-4EB220F905B8}"
EndProject
Project("{FAE04EC0-301F-11D3-BF4B-00C04F79EFBC}") = "TfxUniFilOps.Data.Migrations", "TfxUniFilOps.Data.Migrations\TfxUniFilOps.Data.Migrations.csproj", "{4616E5BD-B01F-4F46-AA25-D14D3AB31792}"
EndProject
Project("{FAE04EC0-301F-11D3-BF4B-00C04F79EFBC}") = "TfxUniFilOps.WebApi", "TfxUniFilOps.WebApi\TfxUniFilOps.WebApi.csproj", "{8287320C-A273-4FE8-99B3-F21B9F9457B8}"
EndProject
Project("{FAE04EC0-301F-11D3-BF4B-00C04F79EFBC}") = "TfxUniFilOps.WebMvc", "TfxUniFilOps.WebMvc\TfxUniFilOps.WebMvc.csproj", "{FC30E3C4-CAAB-4950-8D8E-48D39231B7D3}"
EndProject
Project("{2150E333-8FDC-42A3-9474-1A3956D46DE8}") = "0-SharedComponents", "0-SharedComponents", "{06AE2F7A-9FC1-4502-82F6-88FEEBD4D281}"
EndProject
Project("{2150E333-8FDC-42A3-9474-1A3956D46DE8}") = "1-Domain", "1-Domain", "{544959C5-E349-4E28-A816-D72978273E67}"
EndProject
Project("{2150E333-8FDC-42A3-9474-1A3956D46DE8}") = "2-Application", "2-Application", "{68C8BD1A-58A6-4679-B4A1-3C4B51AE2C63}"
EndProject
Project("{2150E333-8FDC-42A3-9474-1A3956D46DE8}") = "3-Infrastructures", "3-Infrastructures", "{CFD8748F-0D1F-4867-BD2E-355D70C7D831}"
EndProject
Project("{2150E333-8FDC-42A3-9474-1A3956D46DE8}") = "4-UserInterfaces", "4-UserInterfaces", "{832A092C-4AF3-48E4-BD4B-4FF7D1F9713D}"
EndProject
Global
	GlobalSection(SolutionConfigurationPlatforms) = preSolution
		Debug|Any CPU = Debug|Any CPU
		Release|Any CPU = Release|Any CPU
	EndGlobalSection
	GlobalSection(ProjectConfigurationPlatforms) = postSolution
		{91170D17-4CCE-4F11-8055-D107AC54D935}.Debug|Any CPU.ActiveCfg = Debug|Any CPU
		{91170D17-4CCE-4F11-8055-D107AC54D935}.Debug|Any CPU.Build.0 = Debug|Any CPU
		{91170D17-4CCE-4F11-8055-D107AC54D935}.Release|Any CPU.ActiveCfg = Release|Any CPU
		{91170D17-4CCE-4F11-8055-D107AC54D935}.Release|Any CPU.Build.0 = Release|Any CPU
		{5E0E5C21-3C79-4DBA-ADCD-32D8E42B94AB}.Debug|Any CPU.ActiveCfg = Debug|Any CPU
		{5E0E5C21-3C79-4DBA-ADCD-32D8E42B94AB}.Debug|Any CPU.Build.0 = Debug|Any CPU
		{5E0E5C21-3C79-4DBA-ADCD-32D8E42B94AB}.Release|Any CPU.ActiveCfg = Release|Any CPU
		{5E0E5C21-3C79-4DBA-ADCD-32D8E42B94AB}.Release|Any CPU.Build.0 = Release|Any CPU
		{FE67BC2F-ED04-4D28-83C7-74BAF8C33DF0}.Debug|Any CPU.ActiveCfg = Debug|Any CPU
		{FE67BC2F-ED04-4D28-83C7-74BAF8C33DF0}.Debug|Any CPU.Build.0 = Debug|Any CPU
		{FE67BC2F-ED04-4D28-83C7-74BAF8C33DF0}.Release|Any CPU.ActiveCfg = Release|Any CPU
		{FE67BC2F-ED04-4D28-83C7-74BAF8C33DF0}.Release|Any CPU.Build.0 = Release|Any CPU
		{AB6D2ECB-3B98-4B35-99EF-2FA493511E76}.Debug|Any CPU.ActiveCfg = Debug|Any CPU
		{AB6D2ECB-3B98-4B35-99EF-2FA493511E76}.Debug|Any CPU.Build.0 = Debug|Any CPU
		{AB6D2ECB-3B98-4B35-99EF-2FA493511E76}.Release|Any CPU.ActiveCfg = Release|Any CPU
		{AB6D2ECB-3B98-4B35-99EF-2FA493511E76}.Release|Any CPU.Build.0 = Release|Any CPU
		{C76194DD-FD9D-4B6D-9411-4A01FC35D847}.Debug|Any CPU.ActiveCfg = Debug|Any CPU
		{C76194DD-FD9D-4B6D-9411-4A01FC35D847}.Debug|Any CPU.Build.0 = Debug|Any CPU
		{C76194DD-FD9D-4B6D-9411-4A01FC35D847}.Release|Any CPU.ActiveCfg = Release|Any CPU
		{C76194DD-FD9D-4B6D-9411-4A01FC35D847}.Release|Any CPU.Build.0 = Release|Any CPU
		{D791FA07-1CF4-44B9-AC3B-05DCEC9091FA}.Debug|Any CPU.ActiveCfg = Debug|Any CPU
		{D791FA07-1CF4-44B9-AC3B-05DCEC9091FA}.Debug|Any CPU.Build.0 = Debug|Any CPU
		{D791FA07-1CF4-44B9-AC3B-05DCEC9091FA}.Release|Any CPU.ActiveCfg = Release|Any CPU
		{D791FA07-1CF4-44B9-AC3B-05DCEC9091FA}.Release|Any CPU.Build.0 = Release|Any CPU
		{875418F2-2451-4478-A678-9EB53849F4C4}.Debug|Any CPU.ActiveCfg = Debug|Any CPU
		{875418F2-2451-4478-A678-9EB53849F4C4}.Debug|Any CPU.Build.0 = Debug|Any CPU
		{875418F2-2451-4478-A678-9EB53849F4C4}.Release|Any CPU.ActiveCfg = Release|Any CPU
		{875418F2-2451-4478-A678-9EB53849F4C4}.Release|Any CPU.Build.0 = Release|Any CPU
		{58E8A4EB-701E-418C-8D20-EF556B205F7D}.Debug|Any CPU.ActiveCfg = Debug|Any CPU
		{58E8A4EB-701E-418C-8D20-EF556B205F7D}.Debug|Any CPU.Build.0 = Debug|Any CPU
		{58E8A4EB-701E-418C-8D20-EF556B205F7D}.Release|Any CPU.ActiveCfg = Release|Any CPU
		{58E8A4EB-701E-418C-8D20-EF556B205F7D}.Release|Any CPU.Build.0 = Release|Any CPU
		{6559DF4F-EA93-4C1A-91F4-A1B82B28661C}.Debug|Any CPU.ActiveCfg = Debug|Any CPU
		{6559DF4F-EA93-4C1A-91F4-A1B82B28661C}.Debug|Any CPU.Build.0 = Debug|Any CPU
		{6559DF4F-EA93-4C1A-91F4-A1B82B28661C}.Release|Any CPU.ActiveCfg = Release|Any CPU
		{6559DF4F-EA93-4C1A-91F4-A1B82B28661C}.Release|Any CPU.Build.0 = Release|Any CPU
		{8646A78A-9256-4094-A751-175E4CFE8C2B}.Debug|Any CPU.ActiveCfg = Debug|Any CPU
		{8646A78A-9256-4094-A751-175E4CFE8C2B}.Debug|Any CPU.Build.0 = Debug|Any CPU
		{8646A78A-9256-4094-A751-175E4CFE8C2B}.Release|Any CPU.ActiveCfg = Release|Any CPU
		{8646A78A-9256-4094-A751-175E4CFE8C2B}.Release|Any CPU.Build.0 = Release|Any CPU
		{89518B5A-75E8-4BDB-82B6-5E8BF6A4C804}.Debug|Any CPU.ActiveCfg = Debug|Any CPU
		{89518B5A-75E8-4BDB-82B6-5E8BF6A4C804}.Debug|Any CPU.Build.0 = Debug|Any CPU
		{89518B5A-75E8-4BDB-82B6-5E8BF6A4C804}.Release|Any CPU.ActiveCfg = Release|Any CPU
		{89518B5A-75E8-4BDB-82B6-5E8BF6A4C804}.Release|Any CPU.Build.0 = Release|Any CPU
		{CB810894-18C3-4546-9FA1-4EB220F905B8}.Debug|Any CPU.ActiveCfg = Debug|Any CPU
		{CB810894-18C3-4546-9FA1-4EB220F905B8}.Debug|Any CPU.Build.0 = Debug|Any CPU
		{CB810894-18C3-4546-9FA1-4EB220F905B8}.Release|Any CPU.ActiveCfg = Release|Any CPU
		{CB810894-18C3-4546-9FA1-4EB220F905B8}.Release|Any CPU.Build.0 = Release|Any CPU
		{4616E5BD-B01F-4F46-AA25-D14D3AB31792}.Debug|Any CPU.ActiveCfg = Debug|Any CPU
		{4616E5BD-B01F-4F46-AA25-D14D3AB31792}.Debug|Any CPU.Build.0 = Debug|Any CPU
		{4616E5BD-B01F-4F46-AA25-D14D3AB31792}.Release|Any CPU.ActiveCfg = Release|Any CPU
		{4616E5BD-B01F-4F46-AA25-D14D3AB31792}.Release|Any CPU.Build.0 = Release|Any CPU
		{8287320C-A273-4FE8-99B3-F21B9F9457B8}.Debug|Any CPU.ActiveCfg = Debug|Any CPU
		{8287320C-A273-4FE8-99B3-F21B9F9457B8}.Debug|Any CPU.Build.0 = Debug|Any CPU
		{8287320C-A273-4FE8-99B3-F21B9F9457B8}.Release|Any CPU.ActiveCfg = Release|Any CPU
		{8287320C-A273-4FE8-99B3-F21B9F9457B8}.Release|Any CPU.Build.0 = Release|Any CPU
		{FC30E3C4-CAAB-4950-8D8E-48D39231B7D3}.Debug|Any CPU.ActiveCfg = Debug|Any CPU
		{FC30E3C4-CAAB-4950-8D8E-48D39231B7D3}.Debug|Any CPU.Build.0 = Debug|Any CPU
		{FC30E3C4-CAAB-4950-8D8E-48D39231B7D3}.Release|Any CPU.ActiveCfg = Release|Any CPU
		{FC30E3C4-CAAB-4950-8D8E-48D39231B7D3}.Release|Any CPU.Build.0 = Release|Any CPU
	EndGlobalSection
	GlobalSection(SolutionProperties) = preSolution
		HideSolutionNode = FALSE
	EndGlobalSection
	GlobalSection(NestedProjects) = preSolution
		{5E0E5C21-3C79-4DBA-ADCD-32D8E42B94AB} = {06AE2F7A-9FC1-4502-82F6-88FEEBD4D281}
		{FE67BC2F-ED04-4D28-83C7-74BAF8C33DF0} = {06AE2F7A-9FC1-4502-82F6-88FEEBD4D281}
		{AB6D2ECB-3B98-4B35-99EF-2FA493511E76} = {06AE2F7A-9FC1-4502-82F6-88FEEBD4D281}
		{C76194DD-FD9D-4B6D-9411-4A01FC35D847} = {544959C5-E349-4E28-A816-D72978273E67}
		{D791FA07-1CF4-44B9-AC3B-05DCEC9091FA} = {544959C5-E349-4E28-A816-D72978273E67}
		{875418F2-2451-4478-A678-9EB53849F4C4} = {544959C5-E349-4E28-A816-D72978273E67}
		{58E8A4EB-701E-418C-8D20-EF556B205F7D} = {68C8BD1A-58A6-4679-B4A1-3C4B51AE2C63}
		{6559DF4F-EA93-4C1A-91F4-A1B82B28661C} = {68C8BD1A-58A6-4679-B4A1-3C4B51AE2C63}
		{8646A78A-9256-4094-A751-175E4CFE8C2B} = {68C8BD1A-58A6-4679-B4A1-3C4B51AE2C63}
		{89518B5A-75E8-4BDB-82B6-5E8BF6A4C804} = {68C8BD1A-58A6-4679-B4A1-3C4B51AE2C63}
		{CB810894-18C3-4546-9FA1-4EB220F905B8} = {CFD8748F-0D1F-4867-BD2E-355D70C7D831}
		{4616E5BD-B01F-4F46-AA25-D14D3AB31792} = {CFD8748F-0D1F-4867-BD2E-355D70C7D831}
		{8287320C-A273-4FE8-99B3-F21B9F9457B8} = {832A092C-4AF3-48E4-BD4B-4FF7D1F9713D}
		{FC30E3C4-CAAB-4950-8D8E-48D39231B7D3} = {832A092C-4AF3-48E4-BD4B-4FF7D1F9713D}
	EndGlobalSection
	GlobalSection(ExtensibilityGlobals) = postSolution
		SolutionGuid = {6EEA1CEB-3382-44D0-B5FF-DCFFA00CF619}
	EndGlobalSection
EndGlobal
